// !$*UTF8*$!
{
	archiveVersion = 1;
	classes = {
	};
	objectVersion = 60;
	objects = {

/* Begin PBXBuildFile section */
		BD57338F2F8C4EC2005EF862 /* TODO.md in Resources */ = {isa = PBXBuildFile; fileRef = BD57338E2F8C4EC2005EF862 /* TODO.md */; };
		BD58379D2F87F29700473B0A /* FeaturedFramework.swift in Sources */ = {isa = PBXBuildFile; fileRef = BD58379C2F87F29700473B0A /* FeaturedFramework.swift */; };
		BD58379F2F87FB8C00473B0A /* FeaturedFrameworkContainerView.swift in Sources */ = {isa = PBXBuildFile; fileRef = BD58379E2F87FB8C00473B0A /* FeaturedFrameworkContainerView.swift */; };
		BD77F8F02EA7306D009E7839 /* ActivityController.swift in Sources */ = {isa = PBXBuildFile; fileRef = BD77F8EF2EA7306D009E7839 /* ActivityController.swift */; };
		BD8A38DA2E9ADA3B00F1B486 /* FiraCode-Regular.ttf in Resources */ = {isa = PBXBuildFile; fileRef = BD8A38C72E9ADA3B00F1B486 /* FiraCode-Regular.ttf */; };
		BD8A38DB2E9ADA3B00F1B486 /* Colors.xcassets in Resources */ = {isa = PBXBuildFile; fileRef = BD8A38CC2E9ADA3B00F1B486 /* Colors.xcassets */; };
		BD8A38DC2E9ADA3B00F1B486 /* ConsolaVD3-Regular.ttf in Resources */ = {isa = PBXBuildFile; fileRef = BD8A38C62E9ADA3B00F1B486 /* ConsolaVD3-Regular.ttf */; };
		BD8A38DD2E9ADA3B00F1B486 /* JetBrainsMono-Regular.ttf in Resources */ = {isa = PBXBuildFile; fileRef = BD8A38C82E9ADA3B00F1B486 /* JetBrainsMono-Regular.ttf */; };
		BD8A38DE2E9ADA3B00F1B486 /* Lilex-Regular.ttf in Resources */ = {isa = PBXBuildFile; fileRef = BD8A38C92E9ADA3B00F1B486 /* Lilex-Regular.ttf */; };
		BD8A38DF2E9ADA3B00F1B486 /* Assets.xcassets in Resources */ = {isa = PBXBuildFile; fileRef = BD8A38CB2E9ADA3B00F1B486 /* Assets.xcassets */; };
		BD8A38E12E9ADA3B00F1B486 /* ZoomGesturesRemoval.swift in Sources */ = {isa = PBXBuildFile; fileRef = BD8A38BD2E9ADA3B00F1B486 /* ZoomGesturesRemoval.swift */; };
		BD8A38E22E9ADA3B00F1B486 /* RuntimeObjectsList.swift in Sources */ = {isa = PBXBuildFile; fileRef = BD8A38B62E9ADA3B00F1B486 /* RuntimeObjectsList.swift */; };
		BD8A38E32E9ADA3B00F1B486 /* HistoryManager.swift in Sources */ = {isa = PBXBuildFile; fileRef = BD8A38D12E9ADA3B00F1B486 /* HistoryManager.swift */; };
		BD8A38E42E9ADA3B00F1B486 /* View+.swift in Sources */ = {isa = PBXBuildFile; fileRef = BD8A38BC2E9ADA3B00F1B486 /* View+.swift */; };
		BD8A38E52E9ADA3B00F1B486 /* ImageRuntimeObjectsView.swift in Sources */ = {isa = PBXBuildFile; fileRef = BD8A38B22E9ADA3B00F1B486 /* ImageRuntimeObjectsView.swift */; };
		BD8A38E62E9ADA3B00F1B486 /* NamedNodeRow.swift in Sources */ = {isa = PBXBuildFile; fileRef = BD8A38B32E9ADA3B00F1B486 /* NamedNodeRow.swift */; };
		BD8A38E72E9ADA3B00F1B486 /* LabelStyles.swift in Sources */ = {isa = PBXBuildFile; fileRef = BD8A38BB2E9ADA3B00F1B486 /* LabelStyles.swift */; };
		BD8A38E82E9ADA3B00F1B486 /* ClearButton.swift in Sources */ = {isa = PBXBuildFile; fileRef = BD8A38B92E9ADA3B00F1B486 /* ClearButton.swift */; };
		BD8A38EA2E9ADA3B00F1B486 /* RuntimeObjectRow.swift in Sources */ = {isa = PBXBuildFile; fileRef = BD8A38B52E9ADA3B00F1B486 /* RuntimeObjectRow.swift */; };
		BD8A38EB2E9ADA3B00F1B486 /* ImageRuntimeObjectsViewModel.swift in Sources */ = {isa = PBXBuildFile; fileRef = BD8A38D22E9ADA3B00F1B486 /* ImageRuntimeObjectsViewModel.swift */; };
		BD8A38EC2E9ADA3B00F1B486 /* PreferencesController.swift in Sources */ = {isa = PBXBuildFile; fileRef = BD8A38D52E9ADA3B00F1B486 /* PreferencesController.swift */; };
		BD8A38ED2E9ADA3B00F1B486 /* SettingsView.swift in Sources */ = {isa = PBXBuildFile; fileRef = BD8A38AE2E9ADA3B00F1B486 /* SettingsView.swift */; };
		BD8A38EE2E9ADA3B00F1B486 /* RuntimeListings.swift in Sources */ = {isa = PBXBuildFile; fileRef = BD8A38D32E9ADA3B00F1B486 /* RuntimeListings.swift */; };
		BD8A38F02E9ADA3B00F1B486 /* RuntimeObjectDetail.swift in Sources */ = {isa = PBXBuildFile; fileRef = BD8A38B42E9ADA3B00F1B486 /* RuntimeObjectDetail.swift */; };
		BD8A38F22E9ADA3B00F1B486 /* BookmarksStore.swift in Sources */ = {isa = PBXBuildFile; fileRef = BD8A38CF2E9ADA3B00F1B486 /* BookmarksStore.swift */; };
		BD8A38F32E9ADA3B00F1B486 /* HistoryView.swift in Sources */ = {isa = PBXBuildFile; fileRef = BD8A38B12E9ADA3B00F1B486 /* HistoryView.swift */; };
		BD8A38F52E9ADA3B00F1B486 /* BookmarkListingView.swift in Sources */ = {isa = PBXBuildFile; fileRef = BD8A38B02E9ADA3B00F1B486 /* BookmarkListingView.swift */; };
		BD8A38F62E9ADA3B00F1B486 /* RuntimeTypeSearchScope.swift in Sources */ = {isa = PBXBuildFile; fileRef = BD8A38C22E9ADA3B00F1B486 /* RuntimeTypeSearchScope.swift */; };
		BD8A38F72E9ADA3B00F1B486 /* SemanticStringView.swift in Sources */ = {isa = PBXBuildFile; fileRef = BD8A38B72E9ADA3B00F1B486 /* SemanticStringView.swift */; };
		BD8A38F92E9ADA3B00F1B486 /* AppearancePopover.swift in Sources */ = {isa = PBXBuildFile; fileRef = BD8A38AC2E9ADA3B00F1B486 /* AppearancePopover.swift */; };
		BD8A38FA2E9ADA3B00F1B486 /* CodeAppearanceView.swift in Sources */ = {isa = PBXBuildFile; fileRef = BD8A38AD2E9ADA3B00F1B486 /* CodeAppearanceView.swift */; };
		BD8A38FB2E9ADA3B00F1B486 /* NamedNode.swift in Sources */ = {isa = PBXBuildFile; fileRef = BD8A38C02E9ADA3B00F1B486 /* NamedNode.swift */; };
		BD8A38FD2E9ADA3B00F1B486 /* App.swift in Sources */ = {isa = PBXBuildFile; fileRef = BD8A38D72E9ADA3B00F1B486 /* App.swift */; };
		BD8A38FE2E9ADA3B00F1B486 /* RuntimeObjectsViewModel.swift in Sources */ = {isa = PBXBuildFile; fileRef = BD8A38D42E9ADA3B00F1B486 /* RuntimeObjectsViewModel.swift */; };
		BD8A38FF2E9ADA3B00F1B486 /* ContentView.swift in Sources */ = {isa = PBXBuildFile; fileRef = BD8A38D82E9ADA3B00F1B486 /* ContentView.swift */; };
		BD995F852F8AA2D900E203AE /* MethodInvocationArgumentsView.swift in Sources */ = {isa = PBXBuildFile; fileRef = BD995F842F8AA2D900E203AE /* MethodInvocationArgumentsView.swift */; };
		BD995F872F8AC9A700E203AE /* History.swift in Sources */ = {isa = PBXBuildFile; fileRef = BD995F862F8AC9A700E203AE /* History.swift */; };
		BD995F8A2F8ACAE800E203AE /* SyntaxHighlighting in Frameworks */ = {isa = PBXBuildFile; productRef = BD995F892F8ACAE800E203AE /* SyntaxHighlighting */; };
		BD995F8F2F8AD90500E203AE /* RuntimeSelectorChooserView.swift in Sources */ = {isa = PBXBuildFile; fileRef = BD995F8E2F8AD90500E203AE /* RuntimeSelectorChooserView.swift */; };
		BD995F912F8AE47C00E203AE /* CodePreferences.swift in Sources */ = {isa = PBXBuildFile; fileRef = BD995F902F8AE47C00E203AE /* CodePreferences.swift */; };
		BD995F932F8AE4DA00E203AE /* RuntimeObjectType.swift in Sources */ = {isa = PBXBuildFile; fileRef = BD995F922F8AE4DA00E203AE /* RuntimeObjectType.swift */; };
		BD995F952F8AFE8500E203AE /* Bookmark.swift in Sources */ = {isa = PBXBuildFile; fileRef = BD995F942F8AFE8500E203AE /* Bookmark.swift */; };
		BD995F972F8B3FF700E203AE /* NavigationRouter.swift in Sources */ = {isa = PBXBuildFile; fileRef = BD995F962F8B3FF700E203AE /* NavigationRouter.swift */; };
		BDF188F92F88FDD500E3463F /* RuntimeInspection.swift in Sources */ = {isa = PBXBuildFile; fileRef = BDF188F82F88FDD500E3463F /* RuntimeInspection.swift */; };
		BE0000012F90000100000006 /* RuntimeInstanceResolver.swift in Sources */ = {isa = PBXBuildFile; fileRef = BE0000012F90000100000016 /* RuntimeInstanceResolver.swift */; };
		BE0000012F90000100000008 /* InspectorView.swift in Sources */ = {isa = PBXBuildFile; fileRef = BE0000012F90000100000018 /* InspectorView.swift */; };
		BE0000022F90000100000006 /* NamedNodeExporter.swift in Sources */ = {isa = PBXBuildFile; fileRef = BE0000022F90000100000016 /* NamedNodeExporter.swift */; };
		BE1000012F90000100000001 /* RuntimeInspectorKit in Frameworks */ = {isa = PBXBuildFile; productRef = BE1000012F90000100000003 /* RuntimeInspectorKit */; };
		C04090CA2D2759260013D8F7 /* ClassDumpRuntime in Frameworks */ = {isa = PBXBuildFile; productRef = C04090C92D2759260013D8F7 /* ClassDumpRuntime */; };
/* End PBXBuildFile section */

/* Begin PBXCopyFilesBuildPhase section */
		FAE3C1732B81F7B700242A99 /* Embed Frameworks */ = {
			isa = PBXCopyFilesBuildPhase;
			buildActionMask = 2147483647;
			dstPath = "";
			dstSubfolderSpec = 10;
			files = (
			);
			name = "Embed Frameworks";
			runOnlyForDeploymentPostprocessing = 0;
		};
/* End PBXCopyFilesBuildPhase section */

/* Begin PBXFileReference section */
		BD57338E2F8C4EC2005EF862 /* TODO.md */ = {isa = PBXFileReference; lastKnownFileType = net.daringfireball.markdown; path = TODO.md; sourceTree = "<group>"; };
		BD58379C2F87F29700473B0A /* FeaturedFramework.swift */ = {isa = PBXFileReference; lastKnownFileType = sourcecode.swift; path = FeaturedFramework.swift; sourceTree = "<group>"; };
		BD58379E2F87FB8C00473B0A /* FeaturedFrameworkContainerView.swift */ = {isa = PBXFileReference; lastKnownFileType = sourcecode.swift; path = FeaturedFrameworkContainerView.swift; sourceTree = "<group>"; };
		BD77F8EF2EA7306D009E7839 /* ActivityController.swift */ = {isa = PBXFileReference; lastKnownFileType = sourcecode.swift; path = ActivityController.swift; sourceTree = "<group>"; };
		BD8A38AC2E9ADA3B00F1B486 /* AppearancePopover.swift */ = {isa = PBXFileReference; lastKnownFileType = sourcecode.swift; path = AppearancePopover.swift; sourceTree = "<group>"; };
		BD8A38AD2E9ADA3B00F1B486 /* CodeAppearanceView.swift */ = {isa = PBXFileReference; lastKnownFileType = sourcecode.swift; path = CodeAppearanceView.swift; sourceTree = "<group>"; };
		BD8A38AE2E9ADA3B00F1B486 /* SettingsView.swift */ = {isa = PBXFileReference; lastKnownFileType = sourcecode.swift; path = SettingsView.swift; sourceTree = "<group>"; };
		BD8A38B02E9ADA3B00F1B486 /* BookmarkListingView.swift */ = {isa = PBXFileReference; lastKnownFileType = sourcecode.swift; path = BookmarkListingView.swift; sourceTree = "<group>"; };
		BD8A38B12E9ADA3B00F1B486 /* HistoryView.swift */ = {isa = PBXFileReference; lastKnownFileType = sourcecode.swift; path = HistoryView.swift; sourceTree = "<group>"; };
		BD8A38B22E9ADA3B00F1B486 /* ImageRuntimeObjectsView.swift */ = {isa = PBXFileReference; lastKnownFileType = sourcecode.swift; path = ImageRuntimeObjectsView.swift; sourceTree = "<group>"; };
		BD8A38B32E9ADA3B00F1B486 /* NamedNodeRow.swift */ = {isa = PBXFileReference; lastKnownFileType = sourcecode.swift; path = NamedNodeRow.swift; sourceTree = "<group>"; };
		BD8A38B42E9ADA3B00F1B486 /* RuntimeObjectDetail.swift */ = {isa = PBXFileReference; lastKnownFileType = sourcecode.swift; path = RuntimeObjectDetail.swift; sourceTree = "<group>"; };
		BD8A38B52E9ADA3B00F1B486 /* RuntimeObjectRow.swift */ = {isa = PBXFileReference; lastKnownFileType = sourcecode.swift; path = RuntimeObjectRow.swift; sourceTree = "<group>"; };
		BD8A38B62E9ADA3B00F1B486 /* RuntimeObjectsList.swift */ = {isa = PBXFileReference; lastKnownFileType = sourcecode.swift; path = RuntimeObjectsList.swift; sourceTree = "<group>"; };
		BD8A38B72E9ADA3B00F1B486 /* SemanticStringView.swift */ = {isa = PBXFileReference; lastKnownFileType = sourcecode.swift; path = SemanticStringView.swift; sourceTree = "<group>"; };
		BD8A38B92E9ADA3B00F1B486 /* ClearButton.swift */ = {isa = PBXFileReference; lastKnownFileType = sourcecode.swift; path = ClearButton.swift; sourceTree = "<group>"; };
		BD8A38BB2E9ADA3B00F1B486 /* LabelStyles.swift */ = {isa = PBXFileReference; lastKnownFileType = sourcecode.swift; path = LabelStyles.swift; sourceTree = "<group>"; };
		BD8A38BC2E9ADA3B00F1B486 /* View+.swift */ = {isa = PBXFileReference; lastKnownFileType = sourcecode.swift; path = "View+.swift"; sourceTree = "<group>"; };
		BD8A38BD2E9ADA3B00F1B486 /* ZoomGesturesRemoval.swift */ = {isa = PBXFileReference; lastKnownFileType = sourcecode.swift; path = ZoomGesturesRemoval.swift; sourceTree = "<group>"; };
		BD8A38C02E9ADA3B00F1B486 /* NamedNode.swift */ = {isa = PBXFileReference; lastKnownFileType = sourcecode.swift; path = NamedNode.swift; sourceTree = "<group>"; };
		BD8A38C22E9ADA3B00F1B486 /* RuntimeTypeSearchScope.swift */ = {isa = PBXFileReference; lastKnownFileType = sourcecode.swift; path = RuntimeTypeSearchScope.swift; sourceTree = "<group>"; };
		BD8A38C62E9ADA3B00F1B486 /* ConsolaVD3-Regular.ttf */ = {isa = PBXFileReference; lastKnownFileType = file; path = "ConsolaVD3-Regular.ttf"; sourceTree = "<group>"; };
		BD8A38C72E9ADA3B00F1B486 /* FiraCode-Regular.ttf */ = {isa = PBXFileReference; lastKnownFileType = file; path = "FiraCode-Regular.ttf"; sourceTree = "<group>"; };
		BD8A38C82E9ADA3B00F1B486 /* JetBrainsMono-Regular.ttf */ = {isa = PBXFileReference; lastKnownFileType = file; path = "JetBrainsMono-Regular.ttf"; sourceTree = "<group>"; };
		BD8A38C92E9ADA3B00F1B486 /* Lilex-Regular.ttf */ = {isa = PBXFileReference; lastKnownFileType = file; path = "Lilex-Regular.ttf"; sourceTree = "<group>"; };
		BD8A38CB2E9ADA3B00F1B486 /* Assets.xcassets */ = {isa = PBXFileReference; lastKnownFileType = folder.assetcatalog; path = Assets.xcassets; sourceTree = "<group>"; };
		BD8A38CC2E9ADA3B00F1B486 /* Colors.xcassets */ = {isa = PBXFileReference; lastKnownFileType = folder.assetcatalog; path = Colors.xcassets; sourceTree = "<group>"; };
		BD8A38CF2E9ADA3B00F1B486 /* BookmarksStore.swift */ = {isa = PBXFileReference; lastKnownFileType = sourcecode.swift; path = BookmarksStore.swift; sourceTree = "<group>"; };
		BD8A38D12E9ADA3B00F1B486 /* HistoryManager.swift */ = {isa = PBXFileReference; lastKnownFileType = sourcecode.swift; path = HistoryManager.swift; sourceTree = "<group>"; };
		BD8A38D22E9ADA3B00F1B486 /* ImageRuntimeObjectsViewModel.swift */ = {isa = PBXFileReference; lastKnownFileType = sourcecode.swift; path = ImageRuntimeObjectsViewModel.swift; sourceTree = "<group>"; };
		BD8A38D32E9ADA3B00F1B486 /* RuntimeListings.swift */ = {isa = PBXFileReference; lastKnownFileType = sourcecode.swift; path = RuntimeListings.swift; sourceTree = "<group>"; };
		BD8A38D42E9ADA3B00F1B486 /* RuntimeObjectsViewModel.swift */ = {isa = PBXFileReference; lastKnownFileType = sourcecode.swift; path = RuntimeObjectsViewModel.swift; sourceTree = "<group>"; };
		BD8A38D52E9ADA3B00F1B486 /* PreferencesController.swift */ = {isa = PBXFileReference; lastKnownFileType = sourcecode.swift; path = PreferencesController.swift; sourceTree = "<group>"; };
		BD8A38D72E9ADA3B00F1B486 /* App.swift */ = {isa = PBXFileReference; lastKnownFileType = sourcecode.swift; path = App.swift; sourceTree = "<group>"; };
		BD8A38D82E9ADA3B00F1B486 /* ContentView.swift */ = {isa = PBXFileReference; lastKnownFileType = sourcecode.swift; path = ContentView.swift; sourceTree = "<group>"; };
		BD8A39002E9ADB4700F1B486 /* Info.plist */ = {isa = PBXFileReference; lastKnownFileType = text.plist.xml; path = Info.plist; sourceTree = "<group>"; };
		BD995F842F8AA2D900E203AE /* MethodInvocationArgumentsView.swift */ = {isa = PBXFileReference; lastKnownFileType = sourcecode.swift; path = MethodInvocationArgumentsView.swift; sourceTree = "<group>"; };
		BD995F862F8AC9A700E203AE /* History.swift */ = {isa = PBXFileReference; lastKnownFileType = sourcecode.swift; path = History.swift; sourceTree = "<group>"; };
		BD995F8E2F8AD90500E203AE /* RuntimeSelectorChooserView.swift */ = {isa = PBXFileReference; lastKnownFileType = sourcecode.swift; path = RuntimeSelectorChooserView.swift; sourceTree = "<group>"; };
		BD995F902F8AE47C00E203AE /* CodePreferences.swift */ = {isa = PBXFileReference; lastKnownFileType = sourcecode.swift; path = CodePreferences.swift; sourceTree = "<group>"; };
		BD995F922F8AE4DA00E203AE /* RuntimeObjectType.swift */ = {isa = PBXFileReference; lastKnownFileType = sourcecode.swift; path = RuntimeObjectType.swift; sourceTree = "<group>"; };
		BD995F942F8AFE8500E203AE /* Bookmark.swift */ = {isa = PBXFileReference; lastKnownFileType = sourcecode.swift; path = Bookmark.swift; sourceTree = "<group>"; };
		BD995F962F8B3FF700E203AE /* NavigationRouter.swift */ = {isa = PBXFileReference; lastKnownFileType = sourcecode.swift; path = NavigationRouter.swift; sourceTree = "<group>"; };
		BDF188F82F88FDD500E3463F /* RuntimeInspection.swift */ = {isa = PBXFileReference; lastKnownFileType = sourcecode.swift; path = RuntimeInspection.swift; sourceTree = "<group>"; };
		BE0000012F90000100000016 /* RuntimeInstanceResolver.swift */ = {isa = PBXFileReference; lastKnownFileType = sourcecode.swift; path = RuntimeInstanceResolver.swift; sourceTree = "<group>"; };
		BE0000012F90000100000018 /* InspectorView.swift */ = {isa = PBXFileReference; lastKnownFileType = sourcecode.swift; path = InspectorView.swift; sourceTree = "<group>"; };
		BE0000022F90000100000016 /* NamedNodeExporter.swift */ = {isa = PBXFileReference; lastKnownFileType = sourcecode.swift; path = NamedNodeExporter.swift; sourceTree = "<group>"; };
		FAD661F42B81D1210000D2A6 /* RuntimeHeaders.app */ = {isa = PBXFileReference; explicitFileType = wrapper.application; includeInIndex = 0; path = RuntimeHeaders.app; sourceTree = BUILT_PRODUCTS_DIR; };
/* End PBXFileReference section */

/* Begin PBXFrameworksBuildPhase section */
		FAD661F12B81D1210000D2A6 /* Frameworks */ = {
			isa = PBXFrameworksBuildPhase;
			buildActionMask = 2147483647;
			files = (
				BE1000012F90000100000001 /* RuntimeInspectorKit in Frameworks */,
				BD995F8A2F8ACAE800E203AE /* SyntaxHighlighting in Frameworks */,
				C04090CA2D2759260013D8F7 /* ClassDumpRuntime in Frameworks */,
			);
			runOnlyForDeploymentPostprocessing = 0;
		};
/* End PBXFrameworksBuildPhase section */

/* Begin PBXGroup section */
		BD8A38AF2E9ADA3B00F1B486 /* Settings */ = {
			isa = PBXGroup;
			children = (
				BD8A38AC2E9ADA3B00F1B486 /* AppearancePopover.swift */,
				BD8A38AD2E9ADA3B00F1B486 /* CodeAppearanceView.swift */,
				BD8A38AE2E9ADA3B00F1B486 /* SettingsView.swift */,
			);
			path = Settings;
			sourceTree = "<group>";
		};
		BD8A38B82E9ADA3B00F1B486 /* Content */ = {
			isa = PBXGroup;
			children = (
				BD995F832F8AA2C600E203AE /* Inspector */,
				BD8A38AF2E9ADA3B00F1B486 /* Settings */,
				BD8A38B02E9ADA3B00F1B486 /* BookmarkListingView.swift */,
				BD8A38B12E9ADA3B00F1B486 /* HistoryView.swift */,
				BD8A38B22E9ADA3B00F1B486 /* ImageRuntimeObjectsView.swift */,
				BD8A38B32E9ADA3B00F1B486 /* NamedNodeRow.swift */,
				BD8A38B42E9ADA3B00F1B486 /* RuntimeObjectDetail.swift */,
				BD8A38B52E9ADA3B00F1B486 /* RuntimeObjectRow.swift */,
				BD8A38B62E9ADA3B00F1B486 /* RuntimeObjectsList.swift */,
				BD8A38B72E9ADA3B00F1B486 /* SemanticStringView.swift */,
				BD58379E2F87FB8C00473B0A /* FeaturedFrameworkContainerView.swift */,
			);
			path = Content;
			sourceTree = "<group>";
		};
		BD8A38BE2E9ADA3B00F1B486 /* Helpers */ = {
			isa = PBXGroup;
			children = (
				BD8A38B92E9ADA3B00F1B486 /* ClearButton.swift */,
				BD8A38BB2E9ADA3B00F1B486 /* LabelStyles.swift */,
				BD8A38BC2E9ADA3B00F1B486 /* View+.swift */,
				BD8A38BD2E9ADA3B00F1B486 /* ZoomGesturesRemoval.swift */,
			);
			path = Helpers;
			sourceTree = "<group>";
		};
		BD8A38C52E9ADA3B00F1B486 /* Models */ = {
			isa = PBXGroup;
			children = (
				BD995F942F8AFE8500E203AE /* Bookmark.swift */,
				BD995F862F8AC9A700E203AE /* History.swift */,
				BD8A38C02E9ADA3B00F1B486 /* NamedNode.swift */,
				BD8A38C22E9ADA3B00F1B486 /* RuntimeTypeSearchScope.swift */,
				BD58379C2F87F29700473B0A /* FeaturedFramework.swift */,
				BDF188F82F88FDD500E3463F /* RuntimeInspection.swift */,
				BD995F922F8AE4DA00E203AE /* RuntimeObjectType.swift */,
			);
			path = Models;
			sourceTree = "<group>";
		};
		BD8A38CA2E9ADA3B00F1B486 /* Fonts */ = {
			isa = PBXGroup;
			children = (
				BD8A38C62E9ADA3B00F1B486 /* ConsolaVD3-Regular.ttf */,
				BD8A38C72E9ADA3B00F1B486 /* FiraCode-Regular.ttf */,
				BD8A38C82E9ADA3B00F1B486 /* JetBrainsMono-Regular.ttf */,
				BD8A38C92E9ADA3B00F1B486 /* Lilex-Regular.ttf */,
			);
			path = Fonts;
			sourceTree = "<group>";
		};
		BD8A38CE2E9ADA3B00F1B486 /* Resources */ = {
			isa = PBXGroup;
			children = (
				BD8A38CA2E9ADA3B00F1B486 /* Fonts */,
				BD8A38CB2E9ADA3B00F1B486 /* Assets.xcassets */,
				BD8A38CC2E9ADA3B00F1B486 /* Colors.xcassets */,
				BD8A39002E9ADB4700F1B486 /* Info.plist */,
			);
			path = Resources;
			sourceTree = "<group>";
		};
		BD8A38D62E9ADA3B00F1B486 /* Services */ = {
			isa = PBXGroup;
			children = (
				BD8A38CF2E9ADA3B00F1B486 /* BookmarksStore.swift */,
				BD8A38D12E9ADA3B00F1B486 /* HistoryManager.swift */,
				BD8A38D22E9ADA3B00F1B486 /* ImageRuntimeObjectsViewModel.swift */,
				BD8A38D32E9ADA3B00F1B486 /* RuntimeListings.swift */,
				BD8A38D42E9ADA3B00F1B486 /* RuntimeObjectsViewModel.swift */,
				BD8A38D52E9ADA3B00F1B486 /* PreferencesController.swift */,
				BD77F8EF2EA7306D009E7839 /* ActivityController.swift */,
				BE0000012F90000100000016 /* RuntimeInstanceResolver.swift */,
				BE0000022F90000100000016 /* NamedNodeExporter.swift */,
				BD995F902F8AE47C00E203AE /* CodePreferences.swift */,
				BD995F962F8B3FF700E203AE /* NavigationRouter.swift */,
			);
			path = Services;
			sourceTree = "<group>";
		};
		BD8A38D92E9ADA3B00F1B486 /* RuntimeHeaders */ = {
			isa = PBXGroup;
			children = (
				BD8A38CE2E9ADA3B00F1B486 /* Resources */,
				BD8A38C52E9ADA3B00F1B486 /* Models */,
				BD8A38BE2E9ADA3B00F1B486 /* Helpers */,
				BD8A38D62E9ADA3B00F1B486 /* Services */,
				BD8A38B82E9ADA3B00F1B486 /* Content */,
				BD8A38D72E9ADA3B00F1B486 /* App.swift */,
				BD8A38D82E9ADA3B00F1B486 /* ContentView.swift */,
				BD57338E2F8C4EC2005EF862 /* TODO.md */,
			);
			path = RuntimeHeaders;
			sourceTree = "<group>";
		};
		BD995F832F8AA2C600E203AE /* Inspector */ = {
			isa = PBXGroup;
			children = (
				BE0000012F90000100000018 /* InspectorView.swift */,
				BD995F842F8AA2D900E203AE /* MethodInvocationArgumentsView.swift */,
				BD995F8E2F8AD90500E203AE /* RuntimeSelectorChooserView.swift */,
			);
			path = Inspector;
			sourceTree = "<group>";
		};
		BD995F8D2F8ACCF300E203AE /* Frameworks */ = {
			isa = PBXGroup;
			children = (
			);
			name = Frameworks;
			sourceTree = "<group>";
		};
		FAD661EB2B81D1210000D2A6 = {
			isa = PBXGroup;
			children = (
				BD8A38D92E9ADA3B00F1B486 /* RuntimeHeaders */,
				BD995F8D2F8ACCF300E203AE /* Frameworks */,
				FAD661F52B81D1210000D2A6 /* Products */,
			);
			sourceTree = "<group>";
		};
		FAD661F52B81D1210000D2A6 /* Products */ = {
			isa = PBXGroup;
			children = (
				FAD661F42B81D1210000D2A6 /* RuntimeHeaders.app */,
			);
			name = Products;
			sourceTree = "<group>";
		};
/* End PBXGroup section */

/* Begin PBXNativeTarget section */
		FAD661F32B81D1210000D2A6 /* RuntimeHeaders */ = {
			isa = PBXNativeTarget;
			buildConfigurationList = FAD662032B81D1220000D2A6 /* Build configuration list for PBXNativeTarget "RuntimeHeaders" */;
			buildPhases = (
				FAD661F02B81D1210000D2A6 /* Sources */,
				FAD661F12B81D1210000D2A6 /* Frameworks */,
				FAD661F22B81D1210000D2A6 /* Resources */,
				FAE3C1732B81F7B700242A99 /* Embed Frameworks */,
			);
			buildRules = (
			);
			dependencies = (
			);
			name = RuntimeHeaders;
			packageProductDependencies = (
				BE1000012F90000100000003 /* RuntimeInspectorKit */,
				C04090C92D2759260013D8F7 /* ClassDumpRuntime */,
				BD995F892F8ACAE800E203AE /* SyntaxHighlighting */,
			);
			productName = HeaderViewer;
			productReference = FAD661F42B81D1210000D2A6 /* RuntimeHeaders.app */;
			productType = "com.apple.product-type.application";
		};
/* End PBXNativeTarget section */

/* Begin PBXProject section */
		FAD661EC2B81D1210000D2A6 /* Project object */ = {
			isa = PBXProject;
			attributes = {
				BuildIndependentTargetsInParallel = 1;
				LastSwiftUpdateCheck = 1520;
				LastUpgradeCheck = 1520;
				TargetAttributes = {
					FAD661F32B81D1210000D2A6 = {
						CreatedOnToolsVersion = 15.0.1;
						LastSwiftMigration = 1640;
					};
				};
			};
			buildConfigurationList = FAD661EF2B81D1210000D2A6 /* Build configuration list for PBXProject "RuntimeHeaders" */;
			compatibilityVersion = "Xcode 14.0";
			developmentRegion = en;
			hasScannedForEncodings = 0;
			knownRegions = (
				en,
				Base,
			);
			mainGroup = FAD661EB2B81D1210000D2A6;
			packageReferences = (
				BE1000012F90000100000002 /* XCLocalSwiftPackageReference "Packages/RuntimeInspectorKit" */,
				C04090C82D2759260013D8F7 /* XCRemoteSwiftPackageReference "ClassDumpRuntime" */,
				BD995F882F8ACAE800E203AE /* XCLocalSwiftPackageReference "Packages/SyntaxHighlighting" */,
			);
			productRefGroup = FAD661F52B81D1210000D2A6 /* Products */;
			projectDirPath = "";
			projectRoot = "";
			targets = (
				FAD661F32B81D1210000D2A6 /* RuntimeHeaders */,
			);
		};
/* End PBXProject section */

/* Begin PBXResourcesBuildPhase section */
		FAD661F22B81D1210000D2A6 /* Resources */ = {
			isa = PBXResourcesBuildPhase;
			buildActionMask = 2147483647;
			files = (
				BD8A38DA2E9ADA3B00F1B486 /* FiraCode-Regular.ttf in Resources */,
				BD8A38DB2E9ADA3B00F1B486 /* Colors.xcassets in Resources */,
				BD57338F2F8C4EC2005EF862 /* TODO.md in Resources */,
				BD8A38DC2E9ADA3B00F1B486 /* ConsolaVD3-Regular.ttf in Resources */,
				BD8A38DD2E9ADA3B00F1B486 /* JetBrainsMono-Regular.ttf in Resources */,
				BD8A38DE2E9ADA3B00F1B486 /* Lilex-Regular.ttf in Resources */,
				BD8A38DF2E9ADA3B00F1B486 /* Assets.xcassets in Resources */,
			);
			runOnlyForDeploymentPostprocessing = 0;
		};
/* End PBXResourcesBuildPhase section */

/* Begin PBXSourcesBuildPhase section */
		FAD661F02B81D1210000D2A6 /* Sources */ = {
			isa = PBXSourcesBuildPhase;
			buildActionMask = 2147483647;
			files = (
				BD8A38E12E9ADA3B00F1B486 /* ZoomGesturesRemoval.swift in Sources */,
				BD8A38E22E9ADA3B00F1B486 /* RuntimeObjectsList.swift in Sources */,
				BD8A38E32E9ADA3B00F1B486 /* HistoryManager.swift in Sources */,
				BD8A38E42E9ADA3B00F1B486 /* View+.swift in Sources */,
				BD77F8F02EA7306D009E7839 /* ActivityController.swift in Sources */,
				BD8A38E52E9ADA3B00F1B486 /* ImageRuntimeObjectsView.swift in Sources */,
				BD8A38E62E9ADA3B00F1B486 /* NamedNodeRow.swift in Sources */,
				BD8A38E72E9ADA3B00F1B486 /* LabelStyles.swift in Sources */,
				BD8A38E82E9ADA3B00F1B486 /* ClearButton.swift in Sources */,
				BD58379F2F87FB8C00473B0A /* FeaturedFrameworkContainerView.swift in Sources */,
				BE0000012F90000100000008 /* InspectorView.swift in Sources */,
				BD995F872F8AC9A700E203AE /* History.swift in Sources */,
				BD8A38EA2E9ADA3B00F1B486 /* RuntimeObjectRow.swift in Sources */,
				BD58379D2F87F29700473B0A /* FeaturedFramework.swift in Sources */,
				BD8A38EB2E9ADA3B00F1B486 /* ImageRuntimeObjectsViewModel.swift in Sources */,
				BD8A38EC2E9ADA3B00F1B486 /* PreferencesController.swift in Sources */,
				BD8A38ED2E9ADA3B00F1B486 /* SettingsView.swift in Sources */,
				BD8A38EE2E9ADA3B00F1B486 /* RuntimeListings.swift in Sources */,
				BE0000012F90000100000006 /* RuntimeInstanceResolver.swift in Sources */,
				BE0000022F90000100000006 /* NamedNodeExporter.swift in Sources */,
				BDF188F92F88FDD500E3463F /* RuntimeInspection.swift in Sources */,
				BD8A38F02E9ADA3B00F1B486 /* RuntimeObjectDetail.swift in Sources */,
				BD995F852F8AA2D900E203AE /* MethodInvocationArgumentsView.swift in Sources */,
				BD995F952F8AFE8500E203AE /* Bookmark.swift in Sources */,
				BD8A38F22E9ADA3B00F1B486 /* BookmarksStore.swift in Sources */,
				BD995F972F8B3FF700E203AE /* NavigationRouter.swift in Sources */,
				BD8A38F32E9ADA3B00F1B486 /* HistoryView.swift in Sources */,
				BD8A38F52E9ADA3B00F1B486 /* BookmarkListingView.swift in Sources */,
				BD995F912F8AE47C00E203AE /* CodePreferences.swift in Sources */,
				BD8A38F62E9ADA3B00F1B486 /* RuntimeTypeSearchScope.swift in Sources */,
				BD8A38F72E9ADA3B00F1B486 /* SemanticStringView.swift in Sources */,
				BD8A38F92E9ADA3B00F1B486 /* AppearancePopover.swift in Sources */,
				BD8A38FA2E9ADA3B00F1B486 /* CodeAppearanceView.swift in Sources */,
				BD8A38FB2E9ADA3B00F1B486 /* NamedNode.swift in Sources */,
				BD8A38FD2E9ADA3B00F1B486 /* App.swift in Sources */,
				BD8A38FE2E9ADA3B00F1B486 /* RuntimeObjectsViewModel.swift in Sources */,
				BD995F932F8AE4DA00E203AE /* RuntimeObjectType.swift in Sources */,
				BD8A38FF2E9ADA3B00F1B486 /* ContentView.swift in Sources */,
				BD995F8F2F8AD90500E203AE /* RuntimeSelectorChooserView.swift in Sources */,
			);
			runOnlyForDeploymentPostprocessing = 0;
		};
/* End PBXSourcesBuildPhase section */

/* Begin XCBuildConfiguration section */
		FAD662012B81D1220000D2A6 /* Debug */ = {
			isa = XCBuildConfiguration;
			buildSettings = {
				ALWAYS_SEARCH_USER_PATHS = NO;
				ASSETCATALOG_COMPILER_GENERATE_SWIFT_ASSET_SYMBOL_EXTENSIONS = YES;
				CLANG_ANALYZER_NONNULL = YES;
				CLANG_ANALYZER_NUMBER_OBJECT_CONVERSION = YES_AGGRESSIVE;
				CLANG_CXX_LANGUAGE_STANDARD = "gnu++20";
				CLANG_ENABLE_MODULES = YES;
				CLANG_ENABLE_OBJC_ARC = YES;
				CLANG_ENABLE_OBJC_WEAK = YES;
				CLANG_WARN_BLOCK_CAPTURE_AUTORELEASING = YES;
				CLANG_WARN_BOOL_CONVERSION = YES;
				CLANG_WARN_COMMA = YES;
				CLANG_WARN_CONSTANT_CONVERSION = YES;
				CLANG_WARN_DEPRECATED_OBJC_IMPLEMENTATIONS = YES;
				CLANG_WARN_DIRECT_OBJC_ISA_USAGE = YES_ERROR;
				CLANG_WARN_DOCUMENTATION_COMMENTS = YES;
				CLANG_WARN_EMPTY_BODY = YES;
				CLANG_WARN_ENUM_CONVERSION = YES;
				CLANG_WARN_INFINITE_RECURSION = YES;
				CLANG_WARN_INT_CONVERSION = YES;
				CLANG_WARN_NON_LITERAL_NULL_CONVERSION = YES;
				CLANG_WARN_OBJC_IMPLICIT_RETAIN_SELF = YES;
				CLANG_WARN_OBJC_LITERAL_CONVERSION = YES;
				CLANG_WARN_OBJC_ROOT_CLASS = YES_ERROR;
				CLANG_WARN_QUOTED_INCLUDE_IN_FRAMEWORK_HEADER = YES;
				CLANG_WARN_RANGE_LOOP_ANALYSIS = YES;
				CLANG_WARN_STRICT_PROTOTYPES = YES;
				CLANG_WARN_SUSPICIOUS_MOVE = YES;
				CLANG_WARN_UNGUARDED_AVAILABILITY = YES_AGGRESSIVE;
				CLANG_WARN_UNREACHABLE_CODE = YES;
				CLANG_WARN__DUPLICATE_METHOD_MATCH = YES;
				COPY_PHASE_STRIP = NO;
				DEAD_CODE_STRIPPING = YES;
				DEBUG_INFORMATION_FORMAT = dwarf;
				ENABLE_STRICT_OBJC_MSGSEND = YES;
				ENABLE_TESTABILITY = YES;
				ENABLE_USER_SCRIPT_SANDBOXING = YES;
				GCC_C_LANGUAGE_STANDARD = gnu17;
				GCC_DYNAMIC_NO_PIC = NO;
				GCC_NO_COMMON_BLOCKS = YES;
				GCC_OPTIMIZATION_LEVEL = 0;
				GCC_PREPROCESSOR_DEFINITIONS = (
					"DEBUG=1",
					"$(inherited)",
				);
				GCC_WARN_64_TO_32_BIT_CONVERSION = YES;
				GCC_WARN_ABOUT_RETURN_TYPE = YES_ERROR;
				GCC_WARN_UNDECLARED_SELECTOR = YES;
				GCC_WARN_UNINITIALIZED_AUTOS = YES_AGGRESSIVE;
				GCC_WARN_UNUSED_FUNCTION = YES;
				GCC_WARN_UNUSED_VARIABLE = YES;
				LOCALIZATION_PREFERS_STRING_CATALOGS = YES;
				MTL_ENABLE_DEBUG_INFO = INCLUDE_SOURCE;
				MTL_FAST_MATH = YES;
				ONLY_ACTIVE_ARCH = YES;
				SWIFT_ACTIVE_COMPILATION_CONDITIONS = "DEBUG $(inherited)";
				SWIFT_OPTIMIZATION_LEVEL = "-Onone";
			};
			name = Debug;
		};
		FAD662022B81D1220000D2A6 /* Release */ = {
			isa = XCBuildConfiguration;
			buildSettings = {
				ALWAYS_SEARCH_USER_PATHS = NO;
				ASSETCATALOG_COMPILER_GENERATE_SWIFT_ASSET_SYMBOL_EXTENSIONS = YES;
				CLANG_ANALYZER_NONNULL = YES;
				CLANG_ANALYZER_NUMBER_OBJECT_CONVERSION = YES_AGGRESSIVE;
				CLANG_CXX_LANGUAGE_STANDARD = "gnu++20";
				CLANG_ENABLE_MODULES = YES;
				CLANG_ENABLE_OBJC_ARC = YES;
				CLANG_ENABLE_OBJC_WEAK = YES;
				CLANG_WARN_BLOCK_CAPTURE_AUTORELEASING = YES;
				CLANG_WARN_BOOL_CONVERSION = YES;
				CLANG_WARN_COMMA = YES;
				CLANG_WARN_CONSTANT_CONVERSION = YES;
				CLANG_WARN_DEPRECATED_OBJC_IMPLEMENTATIONS = YES;
				CLANG_WARN_DIRECT_OBJC_ISA_USAGE = YES_ERROR;
				CLANG_WARN_DOCUMENTATION_COMMENTS = YES;
				CLANG_WARN_EMPTY_BODY = YES;
				CLANG_WARN_ENUM_CONVERSION = YES;
				CLANG_WARN_INFINITE_RECURSION = YES;
				CLANG_WARN_INT_CONVERSION = YES;
				CLANG_WARN_NON_LITERAL_NULL_CONVERSION = YES;
				CLANG_WARN_OBJC_IMPLICIT_RETAIN_SELF = YES;
				CLANG_WARN_OBJC_LITERAL_CONVERSION = YES;
				CLANG_WARN_OBJC_ROOT_CLASS = YES_ERROR;
				CLANG_WARN_QUOTED_INCLUDE_IN_FRAMEWORK_HEADER = YES;
				CLANG_WARN_RANGE_LOOP_ANALYSIS = YES;
				CLANG_WARN_STRICT_PROTOTYPES = YES;
				CLANG_WARN_SUSPICIOUS_MOVE = YES;
				CLANG_WARN_UNGUARDED_AVAILABILITY = YES_AGGRESSIVE;
				CLANG_WARN_UNREACHABLE_CODE = YES;
				CLANG_WARN__DUPLICATE_METHOD_MATCH = YES;
				COPY_PHASE_STRIP = NO;
				DEAD_CODE_STRIPPING = YES;
				DEBUG_INFORMATION_FORMAT = "dwarf-with-dsym";
				ENABLE_NS_ASSERTIONS = NO;
				ENABLE_STRICT_OBJC_MSGSEND = YES;
				ENABLE_USER_SCRIPT_SANDBOXING = YES;
				GCC_C_LANGUAGE_STANDARD = gnu17;
				GCC_NO_COMMON_BLOCKS = YES;
				GCC_WARN_64_TO_32_BIT_CONVERSION = YES;
				GCC_WARN_ABOUT_RETURN_TYPE = YES_ERROR;
				GCC_WARN_UNDECLARED_SELECTOR = YES;
				GCC_WARN_UNINITIALIZED_AUTOS = YES_AGGRESSIVE;
				GCC_WARN_UNUSED_FUNCTION = YES;
				GCC_WARN_UNUSED_VARIABLE = YES;
				LOCALIZATION_PREFERS_STRING_CATALOGS = YES;
				MTL_ENABLE_DEBUG_INFO = NO;
				MTL_FAST_MATH = YES;
				SWIFT_COMPILATION_MODE = wholemodule;
			};
			name = Release;
		};
		FAD662042B81D1220000D2A6 /* Debug */ = {
			isa = XCBuildConfiguration;
			buildSettings = {
				ASSETCATALOG_COMPILER_ALTERNATE_APPICON_NAMES = "AppIcon-DarkGreen AppIcon-LightGreen AppIcon-Purple AppIcon-Teal AppIcon-Black AppIcon-Orange AppIcon-Blue AppIcon-Red";
				ASSETCATALOG_COMPILER_APPICON_NAME = AppIcon;
				ASSETCATALOG_COMPILER_GLOBAL_ACCENT_COLOR_NAME = AccentColor;
				ASSETCATALOG_COMPILER_INCLUDE_ALL_APPICON_ASSETS = NO;
				CLANG_ENABLE_MODULES = YES;
				CODE_SIGN_STYLE = Automatic;
				CURRENT_PROJECT_VERSION = 1;
				DEVELOPMENT_TEAM = 48S57XVT54;
				ENABLE_HARDENED_RUNTIME = YES;
				ENABLE_PREVIEWS = YES;
				GENERATE_INFOPLIST_FILE = YES;
				INFOPLIST_FILE = RuntimeHeaders/Resources/Info.plist;
				INFOPLIST_KEY_CFBundleDisplayName = Headers.h;
				INFOPLIST_KEY_LSApplicationCategoryType = "public.app-category.developer-tools";
				"INFOPLIST_KEY_UIApplicationSceneManifest_Generation[sdk=iphoneos*]" = YES;
				"INFOPLIST_KEY_UIApplicationSceneManifest_Generation[sdk=iphonesimulator*]" = YES;
				"INFOPLIST_KEY_UIApplicationSupportsIndirectInputEvents[sdk=iphoneos*]" = YES;
				"INFOPLIST_KEY_UIApplicationSupportsIndirectInputEvents[sdk=iphonesimulator*]" = YES;
				"INFOPLIST_KEY_UILaunchScreen_Generation[sdk=iphoneos*]" = YES;
				"INFOPLIST_KEY_UILaunchScreen_Generation[sdk=iphonesimulator*]" = YES;
				"INFOPLIST_KEY_UIStatusBarStyle[sdk=iphoneos*]" = UIStatusBarStyleDefault;
				"INFOPLIST_KEY_UIStatusBarStyle[sdk=iphonesimulator*]" = UIStatusBarStyleDefault;
				INFOPLIST_KEY_UISupportedInterfaceOrientations = UIInterfaceOrientationPortrait;
				INFOPLIST_KEY_UISupportedInterfaceOrientations_iPad = "UIInterfaceOrientationLandscapeLeft UIInterfaceOrientationLandscapeRight UIInterfaceOrientationPortrait UIInterfaceOrientationPortraitUpsideDown";
				IPHONEOS_DEPLOYMENT_TARGET = 17.0;
				LD_RUNPATH_SEARCH_PATHS = "@executable_path/Frameworks";
				"LD_RUNPATH_SEARCH_PATHS[sdk=macosx*]" = "@executable_path/../Frameworks";
				MACOSX_DEPLOYMENT_TARGET = 13.0;
				MARKETING_VERSION = 1.4;
				PRODUCT_BUNDLE_IDENTIFIER = com.app.RuntimeHeaders;
				PRODUCT_NAME = "$(TARGET_NAME)";
				SDKROOT = auto;
				SUPPORTED_PLATFORMS = "iphoneos iphonesimulator";
				SUPPORTS_MACCATALYST = NO;
				SWIFT_EMIT_LOC_STRINGS = YES;
				SWIFT_OPTIMIZATION_LEVEL = "-Onone";
				SWIFT_VERSION = 5.0;
				TARGETED_DEVICE_FAMILY = "1,2,6";
			};
			name = Debug;
		};
		FAD662052B81D1220000D2A6 /* Release */ = {
			isa = XCBuildConfiguration;
			buildSettings = {
				ASSETCATALOG_COMPILER_ALTERNATE_APPICON_NAMES = "AppIcon-DarkGreen AppIcon-LightGreen AppIcon-Purple AppIcon-Teal AppIcon-Black AppIcon-Orange AppIcon-Blue AppIcon-Red";
				ASSETCATALOG_COMPILER_APPICON_NAME = AppIcon;
				ASSETCATALOG_COMPILER_GLOBAL_ACCENT_COLOR_NAME = AccentColor;
				ASSETCATALOG_COMPILER_INCLUDE_ALL_APPICON_ASSETS = NO;
				CLANG_ENABLE_MODULES = YES;
				CODE_SIGN_STYLE = Automatic;
				CURRENT_PROJECT_VERSION = 1;
				DEVELOPMENT_TEAM = 48S57XVT54;
				ENABLE_HARDENED_RUNTIME = YES;
				ENABLE_PREVIEWS = YES;
				GENERATE_INFOPLIST_FILE = YES;
				INFOPLIST_FILE = RuntimeHeaders/Resources/Info.plist;
				INFOPLIST_KEY_CFBundleDisplayName = Headers.h;
				INFOPLIST_KEY_LSApplicationCategoryType = "public.app-category.developer-tools";
				"INFOPLIST_KEY_UIApplicationSceneManifest_Generation[sdk=iphoneos*]" = YES;
				"INFOPLIST_KEY_UIApplicationSceneManifest_Generation[sdk=iphonesimulator*]" = YES;
				"INFOPLIST_KEY_UIApplicationSupportsIndirectInputEvents[sdk=iphoneos*]" = YES;
				"INFOPLIST_KEY_UIApplicationSupportsIndirectInputEvents[sdk=iphonesimulator*]" = YES;
				"INFOPLIST_KEY_UILaunchScreen_Generation[sdk=iphoneos*]" = YES;
				"INFOPLIST_KEY_UILaunchScreen_Generation[sdk=iphonesimulator*]" = YES;
				"INFOPLIST_KEY_UIStatusBarStyle[sdk=iphoneos*]" = UIStatusBarStyleDefault;
				"INFOPLIST_KEY_UIStatusBarStyle[sdk=iphonesimulator*]" = UIStatusBarStyleDefault;
				INFOPLIST_KEY_UISupportedInterfaceOrientations = UIInterfaceOrientationPortrait;
				INFOPLIST_KEY_UISupportedInterfaceOrientations_iPad = "UIInterfaceOrientationLandscapeLeft UIInterfaceOrientationLandscapeRight UIInterfaceOrientationPortrait UIInterfaceOrientationPortraitUpsideDown";
				IPHONEOS_DEPLOYMENT_TARGET = 17.0;
				LD_RUNPATH_SEARCH_PATHS = "@executable_path/Frameworks";
				"LD_RUNPATH_SEARCH_PATHS[sdk=macosx*]" = "@executable_path/../Frameworks";
				MACOSX_DEPLOYMENT_TARGET = 13.0;
				MARKETING_VERSION = 1.4;
				PRODUCT_BUNDLE_IDENTIFIER = com.app.RuntimeHeaders;
				PRODUCT_NAME = "$(TARGET_NAME)";
				SDKROOT = auto;
				SUPPORTED_PLATFORMS = "iphoneos iphonesimulator";
				SUPPORTS_MACCATALYST = NO;
				SWIFT_EMIT_LOC_STRINGS = YES;
				SWIFT_VERSION = 5.0;
				TARGETED_DEVICE_FAMILY = "1,2,6";
			};
			name = Release;
		};
/* End XCBuildConfiguration section */

/* Begin XCConfigurationList section */
		FAD661EF2B81D1210000D2A6 /* Build configuration list for PBXProject "RuntimeHeaders" */ = {
			isa = XCConfigurationList;
			buildConfigurations = (
				FAD662012B81D1220000D2A6 /* Debug */,
				FAD662022B81D1220000D2A6 /* Release */,
			);
			defaultConfigurationIsVisible = 0;
			defaultConfigurationName = Release;
		};
		FAD662032B81D1220000D2A6 /* Build configuration list for PBXNativeTarget "RuntimeHeaders" */ = {
			isa = XCConfigurationList;
			buildConfigurations = (
				FAD662042B81D1220000D2A6 /* Debug */,
				FAD662052B81D1220000D2A6 /* Release */,
			);
			defaultConfigurationIsVisible = 0;
			defaultConfigurationName = Release;
		};
/* End XCConfigurationList section */

/* Begin XCLocalSwiftPackageReference section */
		BD995F882F8ACAE800E203AE /* XCLocalSwiftPackageReference "Packages/SyntaxHighlighting" */ = {
			isa = XCLocalSwiftPackageReference;
			relativePath = Packages/SyntaxHighlighting;
		};
		BE1000012F90000100000002 /* XCLocalSwiftPackageReference "Packages/RuntimeInspectorKit" */ = {
			isa = XCLocalSwiftPackageReference;
			relativePath = Packages/RuntimeInspectorKit;
		};
/* End XCLocalSwiftPackageReference section */

/* Begin XCRemoteSwiftPackageReference section */
		C04090C82D2759260013D8F7 /* XCRemoteSwiftPackageReference "ClassDumpRuntime" */ = {
			isa = XCRemoteSwiftPackageReference;
			repositoryURL = "https://github.com/leptos-null/ClassDumpRuntime";
			requirement = {
				branch = master;
				kind = branch;
			};
		};
/* End XCRemoteSwiftPackageReference section */

/* Begin XCSwiftPackageProductDependency section */
		BD995F892F8ACAE800E203AE /* SyntaxHighlighting */ = {
			isa = XCSwiftPackageProductDependency;
			productName = SyntaxHighlighting;
		};
		BE1000012F90000100000003 /* RuntimeInspectorKit */ = {
			isa = XCSwiftPackageProductDependency;
			package = BE1000012F90000100000002 /* XCLocalSwiftPackageReference "Packages/RuntimeInspectorKit" */;
			productName = RuntimeInspectorKit;
		};
		C04090C92D2759260013D8F7 /* ClassDumpRuntime */ = {
			isa = XCSwiftPackageProductDependency;
			package = C04090C82D2759260013D8F7 /* XCRemoteSwiftPackageReference "ClassDumpRuntime" */;
			productName = ClassDumpRuntime;
		};
/* End XCSwiftPackageProductDependency section */
	};
	rootObject = FAD661EC2B81D1210000D2A6 /* Project object */;
}
